
Microsoft Visual Studio Solution File, Format Version 12.00
# Visual Studio Version 17
VisualStudioVersion = 17.7.34031.279
MinimumVisualStudioVersion = 10.0.40219.1
Project("{FAE04EC0-301F-11D3-BF4B-00C04F79EFBC}") = "HelloWorld", "HelloWorld\HelloWorld.csproj", "{1CA64169-FA07-4D3D-9903-9A7AD0BED1A7}"
EndProject
Global
	GlobalSection(SolutionConfigurationPlatforms) = preSolution
		Debug|Any CPU = Debug|Any CPU
		Release|Any CPU = Release|Any CPU
	EndGlobalSection
	GlobalSection(ProjectConfigurationPlatforms) = postSolution
		{1CA64169-FA07-4D3D-9903-9A7AD0BED1A7}.Debug|Any CPU.ActiveCfg = Debug|Any CPU
		{1CA64169-FA07-4D3D-9903-9A7AD0BED1A7}.Debug|Any CPU.Build.0 = Debug|Any CPU
		{1CA64169-FA07-4D3D-9903-9A7AD0BED1A7}.Release|Any CPU.ActiveCfg = Release|Any CPU
		{1CA64169-FA07-4D3D-9903-9A7AD0BED1A7}.Release|Any CPU.Build.0 = Release|Any CPU
	EndGlobalSection
	GlobalSection(SolutionProperties) = preSolution
		HideSolutionNode = FALSE
	EndGlobalSection
	GlobalSection(ExtensibilityGlobals) = postSolution
		SolutionGuid = {1C9FF2D6-852A-41ED-9DBA-15AEB07DB569}
	EndGlobalSection
EndGlobal
