
Microsoft Visual Studio Solution File, Format Version 12.00
# Visual Studio Version 17
VisualStudioVersion = 17.2.32616.157
MinimumVisualStudioVersion = 10.0.40219.1
Project("{FAE04EC0-301F-11D3-BF4B-00C04F79EFBC}") = "BT_0014_NMLT_30072022", "BT_0014_NMLT_30072022\BT_0014_NMLT_30072022.csproj", "{C7ECD57A-6CD0-4076-AC71-131F707189DA}"
EndProject
Global
	GlobalSection(SolutionConfigurationPlatforms) = preSolution
		Debug|Any CPU = Debug|Any CPU
		Release|Any CPU = Release|Any CPU
	EndGlobalSection
	GlobalSection(ProjectConfigurationPlatforms) = postSolution
		{C7ECD57A-6CD0-4076-AC71-131F707189DA}.Debug|Any CPU.ActiveCfg = Debug|Any CPU
		{C7ECD57A-6CD0-4076-AC71-131F707189DA}.Debug|Any CPU.Build.0 = Debug|Any CPU
		{C7ECD57A-6CD0-4076-AC71-131F707189DA}.Release|Any CPU.ActiveCfg = Release|Any CPU
		{C7ECD57A-6CD0-4076-AC71-131F707189DA}.Release|Any CPU.Build.0 = Release|Any CPU
	EndGlobalSection
	GlobalSection(SolutionProperties) = preSolution
		HideSolutionNode = FALSE
	EndGlobalSection
	GlobalSection(ExtensibilityGlobals) = postSolution
		SolutionGuid = {DD2A2AFC-7793-4E0B-B046-D77CE0A78232}
	EndGlobalSection
EndGlobal
