
Microsoft Visual Studio Solution File, Format Version 12.00
# Visual Studio Version 17
VisualStudioVersion = 17.9.34728.123
MinimumVisualStudioVersion = 10.0.40219.1
Project("{FAE04EC0-301F-11D3-BF4B-00C04F79EFBC}") = "Tuan_3 Example 1", "Tuan_3 Example 1\Tuan_3 Example 1.csproj", "{625B9CCE-C317-47A3-BFD9-F5EE78C82A4D}"
EndProject
Global
	GlobalSection(SolutionConfigurationPlatforms) = preSolution
		Debug|Any CPU = Debug|Any CPU
		Release|Any CPU = Release|Any CPU
	EndGlobalSection
	GlobalSection(ProjectConfigurationPlatforms) = postSolution
		{625B9CCE-C317-47A3-BFD9-F5EE78C82A4D}.Debug|Any CPU.ActiveCfg = Debug|Any CPU
		{625B9CCE-C317-47A3-BFD9-F5EE78C82A4D}.Debug|Any CPU.Build.0 = Debug|Any CPU
		{625B9CCE-C317-47A3-BFD9-F5EE78C82A4D}.Release|Any CPU.ActiveCfg = Release|Any CPU
		{625B9CCE-C317-47A3-BFD9-F5EE78C82A4D}.Release|Any CPU.Build.0 = Release|Any CPU
	EndGlobalSection
	GlobalSection(SolutionProperties) = preSolution
		HideSolutionNode = FALSE
	EndGlobalSection
	GlobalSection(ExtensibilityGlobals) = postSolution
		SolutionGuid = {701F0A85-3E21-487E-9ADB-65A1319B79BF}
	EndGlobalSection
EndGlobal
