
Microsoft Visual Studio Solution File, Format Version 12.00
# Visual Studio Version 17
VisualStudioVersion = 17.2.32616.157
MinimumVisualStudioVersion = 10.0.40219.1
Project("{FAE04EC0-301F-11D3-BF4B-00C04F79EFBC}") = "BAI TAP VIET PHUONG TRINH", "BAI TAP VIET PHUONG TRINH\BAI TAP VIET PHUONG TRINH.csproj", "{7CE161E2-8BB9-4E4B-AF39-339BBC021520}"
EndProject
Global
	GlobalSection(SolutionConfigurationPlatforms) = preSolution
		Debug|Any CPU = Debug|Any CPU
		Release|Any CPU = Release|Any CPU
	EndGlobalSection
	GlobalSection(ProjectConfigurationPlatforms) = postSolution
		{7CE161E2-8BB9-4E4B-AF39-339BBC021520}.Debug|Any CPU.ActiveCfg = Debug|Any CPU
		{7CE161E2-8BB9-4E4B-AF39-339BBC021520}.Debug|Any CPU.Build.0 = Debug|Any CPU
		{7CE161E2-8BB9-4E4B-AF39-339BBC021520}.Release|Any CPU.ActiveCfg = Release|Any CPU
		{7CE161E2-8BB9-4E4B-AF39-339BBC021520}.Release|Any CPU.Build.0 = Release|Any CPU
	EndGlobalSection
	GlobalSection(SolutionProperties) = preSolution
		HideSolutionNode = FALSE
	EndGlobalSection
	GlobalSection(ExtensibilityGlobals) = postSolution
		SolutionGuid = {2CDFAFD3-AAE7-4152-B542-0D14741ACF82}
	EndGlobalSection
EndGlobal
