
Microsoft Visual Studio Solution File, Format Version 12.00
# Visual Studio Version 17
VisualStudioVersion = 17.3.32804.467
MinimumVisualStudioVersion = 10.0.40219.1
Project("{FAE04EC0-301F-11D3-BF4B-00C04F79EFBC}") = "LambdaExpression", "LambdaExpression\LambdaExpression.csproj", "{D3B626AC-6AA0-41E2-8230-CEE40B5C332C}"
EndProject
Global
	GlobalSection(SolutionConfigurationPlatforms) = preSolution
		Debug|Any CPU = Debug|Any CPU
		Release|Any CPU = Release|Any CPU
	EndGlobalSection
	GlobalSection(ProjectConfigurationPlatforms) = postSolution
		{D3B626AC-6AA0-41E2-8230-CEE40B5C332C}.Debug|Any CPU.ActiveCfg = Debug|Any CPU
		{D3B626AC-6AA0-41E2-8230-CEE40B5C332C}.Debug|Any CPU.Build.0 = Debug|Any CPU
		{D3B626AC-6AA0-41E2-8230-CEE40B5C332C}.Release|Any CPU.ActiveCfg = Release|Any CPU
		{D3B626AC-6AA0-41E2-8230-CEE40B5C332C}.Release|Any CPU.Build.0 = Release|Any CPU
	EndGlobalSection
	GlobalSection(SolutionProperties) = preSolution
		HideSolutionNode = FALSE
	EndGlobalSection
	GlobalSection(ExtensibilityGlobals) = postSolution
		SolutionGuid = {77DB1698-35B5-41AD-9704-06E49CB550EC}
	EndGlobalSection
EndGlobal
