
Microsoft Visual Studio Solution File, Format Version 12.00
# Visual Studio Version 17
VisualStudioVersion = 17.2.32616.157
MinimumVisualStudioVersion = 10.0.40219.1
Project("{FAE04EC0-301F-11D3-BF4B-00C04F79EFBC}") = "BT_0017_NMLT_30072022", "BT_0017_NMLT_30072022\BT_0017_NMLT_30072022.csproj", "{306988E0-1BE8-43A6-A218-BDBA3F57FBE6}"
EndProject
Global
	GlobalSection(SolutionConfigurationPlatforms) = preSolution
		Debug|Any CPU = Debug|Any CPU
		Release|Any CPU = Release|Any CPU
	EndGlobalSection
	GlobalSection(ProjectConfigurationPlatforms) = postSolution
		{306988E0-1BE8-43A6-A218-BDBA3F57FBE6}.Debug|Any CPU.ActiveCfg = Debug|Any CPU
		{306988E0-1BE8-43A6-A218-BDBA3F57FBE6}.Debug|Any CPU.Build.0 = Debug|Any CPU
		{306988E0-1BE8-43A6-A218-BDBA3F57FBE6}.Release|Any CPU.ActiveCfg = Release|Any CPU
		{306988E0-1BE8-43A6-A218-BDBA3F57FBE6}.Release|Any CPU.Build.0 = Release|Any CPU
	EndGlobalSection
	GlobalSection(SolutionProperties) = preSolution
		HideSolutionNode = FALSE
	EndGlobalSection
	GlobalSection(ExtensibilityGlobals) = postSolution
		SolutionGuid = {2ABBE9D5-B700-47D3-BDEC-5D8B39C2B8C8}
	EndGlobalSection
EndGlobal
