
Microsoft Visual Studio Solution File, Format Version 12.00
# Visual Studio Version 17
VisualStudioVersion = 17.3.32804.467
MinimumVisualStudioVersion = 10.0.40219.1
Project("{888888A0-9F3D-457C-B088-3A5042F75D52}") = "HelloWord", "HelloWord\HelloWord.pyproj", "{A3BA9E4B-5EA2-4C40-B976-525DA89449AB}"
EndProject
Global
	GlobalSection(SolutionConfigurationPlatforms) = preSolution
		Debug|Any CPU = Debug|Any CPU
		Release|Any CPU = Release|Any CPU
	EndGlobalSection
	GlobalSection(ProjectConfigurationPlatforms) = postSolution
		{A3BA9E4B-5EA2-4C40-B976-525DA89449AB}.Debug|Any CPU.ActiveCfg = Debug|Any CPU
		{A3BA9E4B-5EA2-4C40-B976-525DA89449AB}.Release|Any CPU.ActiveCfg = Release|Any CPU
	EndGlobalSection
	GlobalSection(SolutionProperties) = preSolution
		HideSolutionNode = FALSE
	EndGlobalSection
	GlobalSection(ExtensibilityGlobals) = postSolution
		SolutionGuid = {CD743BAC-89EA-432F-8BEA-6F17EC44D978}
	EndGlobalSection
EndGlobal
