
Microsoft Visual Studio Solution File, Format Version 12.00
# Visual Studio Version 17
VisualStudioVersion = 17.9.34728.123
MinimumVisualStudioVersion = 10.0.40219.1
Project("{FAE04EC0-301F-11D3-BF4B-00C04F79EFBC}") = "OOP_Example", "OOP_Example\OOP_Example.csproj", "{D229B4A2-0EC8-4076-A7AF-72E247053635}"
EndProject
Global
	GlobalSection(SolutionConfigurationPlatforms) = preSolution
		Debug|Any CPU = Debug|Any CPU
		Release|Any CPU = Release|Any CPU
	EndGlobalSection
	GlobalSection(ProjectConfigurationPlatforms) = postSolution
		{D229B4A2-0EC8-4076-A7AF-72E247053635}.Debug|Any CPU.ActiveCfg = Debug|Any CPU
		{D229B4A2-0EC8-4076-A7AF-72E247053635}.Debug|Any CPU.Build.0 = Debug|Any CPU
		{D229B4A2-0EC8-4076-A7AF-72E247053635}.Release|Any CPU.ActiveCfg = Release|Any CPU
		{D229B4A2-0EC8-4076-A7AF-72E247053635}.Release|Any CPU.Build.0 = Release|Any CPU
	EndGlobalSection
	GlobalSection(SolutionProperties) = preSolution
		HideSolutionNode = FALSE
	EndGlobalSection
	GlobalSection(ExtensibilityGlobals) = postSolution
		SolutionGuid = {938130FD-FF1F-45BC-AEF4-4CB2D4C6772C}
	EndGlobalSection
EndGlobal
