
Microsoft Visual Studio Solution File, Format Version 12.00
# Visual Studio Version 17
VisualStudioVersion = 17.2.32616.157
MinimumVisualStudioVersion = 10.0.40219.1
Project("{FAE04EC0-301F-11D3-BF4B-00C04F79EFBC}") = "NMLT_09072022", "NMLT_09072022\NMLT_09072022.csproj", "{C1827937-3012-439E-B3F9-295868D02E0E}"
EndProject
Global
	GlobalSection(SolutionConfigurationPlatforms) = preSolution
		Debug|Any CPU = Debug|Any CPU
		Release|Any CPU = Release|Any CPU
	EndGlobalSection
	GlobalSection(ProjectConfigurationPlatforms) = postSolution
		{C1827937-3012-439E-B3F9-295868D02E0E}.Debug|Any CPU.ActiveCfg = Debug|Any CPU
		{C1827937-3012-439E-B3F9-295868D02E0E}.Debug|Any CPU.Build.0 = Debug|Any CPU
		{C1827937-3012-439E-B3F9-295868D02E0E}.Release|Any CPU.ActiveCfg = Release|Any CPU
		{C1827937-3012-439E-B3F9-295868D02E0E}.Release|Any CPU.Build.0 = Release|Any CPU
	EndGlobalSection
	GlobalSection(SolutionProperties) = preSolution
		HideSolutionNode = FALSE
	EndGlobalSection
	GlobalSection(ExtensibilityGlobals) = postSolution
		SolutionGuid = {5E5A56E2-B7E6-447D-A5A1-06A51B65F382}
	EndGlobalSection
EndGlobal
