
Microsoft Visual Studio Solution File, Format Version 12.00
# Visual Studio Version 17
VisualStudioVersion = 17.2.32616.157
MinimumVisualStudioVersion = 10.0.40219.1
Project("{FAE04EC0-301F-11D3-BF4B-00C04F79EFBC}") = "BT 02 NMLT 30072022", "BT 02 NMLT 30072022\BT 02 NMLT 30072022.csproj", "{3E82730D-8B81-4D95-91A6-E0C166A6F002}"
EndProject
Global
	GlobalSection(SolutionConfigurationPlatforms) = preSolution
		Debug|Any CPU = Debug|Any CPU
		Release|Any CPU = Release|Any CPU
	EndGlobalSection
	GlobalSection(ProjectConfigurationPlatforms) = postSolution
		{3E82730D-8B81-4D95-91A6-E0C166A6F002}.Debug|Any CPU.ActiveCfg = Debug|Any CPU
		{3E82730D-8B81-4D95-91A6-E0C166A6F002}.Debug|Any CPU.Build.0 = Debug|Any CPU
		{3E82730D-8B81-4D95-91A6-E0C166A6F002}.Release|Any CPU.ActiveCfg = Release|Any CPU
		{3E82730D-8B81-4D95-91A6-E0C166A6F002}.Release|Any CPU.Build.0 = Release|Any CPU
	EndGlobalSection
	GlobalSection(SolutionProperties) = preSolution
		HideSolutionNode = FALSE
	EndGlobalSection
	GlobalSection(ExtensibilityGlobals) = postSolution
		SolutionGuid = {D2307796-6A6E-41CA-9888-989118C3E0D5}
	EndGlobalSection
EndGlobal
