
Microsoft Visual Studio Solution File, Format Version 12.00
# Visual Studio Version 17
VisualStudioVersion = 17.2.32616.157
MinimumVisualStudioVersion = 10.0.40219.1
Project("{FAE04EC0-301F-11D3-BF4B-00C04F79EFBC}") = "BT_006_NMLT_30072022", "BT_006_NMLT_30072022\BT_006_NMLT_30072022.csproj", "{B89961D6-3C08-4204-AD4E-2249D6BB8BD5}"
EndProject
Global
	GlobalSection(SolutionConfigurationPlatforms) = preSolution
		Debug|Any CPU = Debug|Any CPU
		Release|Any CPU = Release|Any CPU
	EndGlobalSection
	GlobalSection(ProjectConfigurationPlatforms) = postSolution
		{B89961D6-3C08-4204-AD4E-2249D6BB8BD5}.Debug|Any CPU.ActiveCfg = Debug|Any CPU
		{B89961D6-3C08-4204-AD4E-2249D6BB8BD5}.Debug|Any CPU.Build.0 = Debug|Any CPU
		{B89961D6-3C08-4204-AD4E-2249D6BB8BD5}.Release|Any CPU.ActiveCfg = Release|Any CPU
		{B89961D6-3C08-4204-AD4E-2249D6BB8BD5}.Release|Any CPU.Build.0 = Release|Any CPU
	EndGlobalSection
	GlobalSection(SolutionProperties) = preSolution
		HideSolutionNode = FALSE
	EndGlobalSection
	GlobalSection(ExtensibilityGlobals) = postSolution
		SolutionGuid = {FBF82CEB-5144-441B-86CA-213A63BA1AAB}
	EndGlobalSection
EndGlobal
