
Microsoft Visual Studio Solution File, Format Version 12.00
# Visual Studio Version 17
VisualStudioVersion = 17.3.32804.467
MinimumVisualStudioVersion = 10.0.40219.1
Project("{8BC9CEB8-8B4A-11D0-8D11-00A0C91BC942}") = "ConsoleApplication1", "ConsoleApplication1\ConsoleApplication1.vcxproj", "{A7E152F1-D2A1-406F-B1F0-01E427A0D6AE}"
EndProject
Global
	GlobalSection(SolutionConfigurationPlatforms) = preSolution
		Debug|x64 = Debug|x64
		Debug|x86 = Debug|x86
		Release|x64 = Release|x64
		Release|x86 = Release|x86
	EndGlobalSection
	GlobalSection(ProjectConfigurationPlatforms) = postSolution
		{A7E152F1-D2A1-406F-B1F0-01E427A0D6AE}.Debug|x64.ActiveCfg = Debug|x64
		{A7E152F1-D2A1-406F-B1F0-01E427A0D6AE}.Debug|x64.Build.0 = Debug|x64
		{A7E152F1-D2A1-406F-B1F0-01E427A0D6AE}.Debug|x86.ActiveCfg = Debug|Win32
		{A7E152F1-D2A1-406F-B1F0-01E427A0D6AE}.Debug|x86.Build.0 = Debug|Win32
		{A7E152F1-D2A1-406F-B1F0-01E427A0D6AE}.Release|x64.ActiveCfg = Release|x64
		{A7E152F1-D2A1-406F-B1F0-01E427A0D6AE}.Release|x64.Build.0 = Release|x64
		{A7E152F1-D2A1-406F-B1F0-01E427A0D6AE}.Release|x86.ActiveCfg = Release|Win32
		{A7E152F1-D2A1-406F-B1F0-01E427A0D6AE}.Release|x86.Build.0 = Release|Win32
	EndGlobalSection
	GlobalSection(SolutionProperties) = preSolution
		HideSolutionNode = FALSE
	EndGlobalSection
	GlobalSection(ExtensibilityGlobals) = postSolution
		SolutionGuid = {93FEA6F5-EFD8-44F7-A7D6-B00FA4E9E8DD}
	EndGlobalSection
EndGlobal
