
Microsoft Visual Studio Solution File, Format Version 12.00
# Visual Studio Version 17
VisualStudioVersion = 17.7.34031.279
MinimumVisualStudioVersion = 10.0.40219.1
Project("{FAE04EC0-301F-11D3-BF4B-00C04F79EFBC}") = "Algorithm1", "Algorithm1\Algorithm1.csproj", "{30B26AEB-D5A5-4752-AD34-B4455491B1F0}"
EndProject
Global
	GlobalSection(SolutionConfigurationPlatforms) = preSolution
		Debug|Any CPU = Debug|Any CPU
		Release|Any CPU = Release|Any CPU
	EndGlobalSection
	GlobalSection(ProjectConfigurationPlatforms) = postSolution
		{30B26AEB-D5A5-4752-AD34-B4455491B1F0}.Debug|Any CPU.ActiveCfg = Debug|Any CPU
		{30B26AEB-D5A5-4752-AD34-B4455491B1F0}.Debug|Any CPU.Build.0 = Debug|Any CPU
		{30B26AEB-D5A5-4752-AD34-B4455491B1F0}.Release|Any CPU.ActiveCfg = Release|Any CPU
		{30B26AEB-D5A5-4752-AD34-B4455491B1F0}.Release|Any CPU.Build.0 = Release|Any CPU
	EndGlobalSection
	GlobalSection(SolutionProperties) = preSolution
		HideSolutionNode = FALSE
	EndGlobalSection
	GlobalSection(ExtensibilityGlobals) = postSolution
		SolutionGuid = {9043B37F-230A-4F14-8763-ECC7DECA6FF2}
	EndGlobalSection
EndGlobal
