
Microsoft Visual Studio Solution File, Format Version 12.00
# Visual Studio Version 17
VisualStudioVersion = 17.2.32616.157
MinimumVisualStudioVersion = 10.0.40219.1
Project("{FAE04EC0-301F-11D3-BF4B-00C04F79EFBC}") = "BT_0005_NMLT_30072022", "BT_0005_NMLT_30072022\BT_0005_NMLT_30072022.csproj", "{20C68610-5C3A-41A9-A824-F58C1D4FC75C}"
EndProject
Global
	GlobalSection(SolutionConfigurationPlatforms) = preSolution
		Debug|Any CPU = Debug|Any CPU
		Release|Any CPU = Release|Any CPU
	EndGlobalSection
	GlobalSection(ProjectConfigurationPlatforms) = postSolution
		{20C68610-5C3A-41A9-A824-F58C1D4FC75C}.Debug|Any CPU.ActiveCfg = Debug|Any CPU
		{20C68610-5C3A-41A9-A824-F58C1D4FC75C}.Debug|Any CPU.Build.0 = Debug|Any CPU
		{20C68610-5C3A-41A9-A824-F58C1D4FC75C}.Release|Any CPU.ActiveCfg = Release|Any CPU
		{20C68610-5C3A-41A9-A824-F58C1D4FC75C}.Release|Any CPU.Build.0 = Release|Any CPU
	EndGlobalSection
	GlobalSection(SolutionProperties) = preSolution
		HideSolutionNode = FALSE
	EndGlobalSection
	GlobalSection(ExtensibilityGlobals) = postSolution
		SolutionGuid = {0DCB36F9-97FC-4E96-B1AD-BE8B700C5FE4}
	EndGlobalSection
EndGlobal
