
Microsoft Visual Studio Solution File, Format Version 12.00
# Visual Studio Version 17
VisualStudioVersion = 17.3.32804.467
MinimumVisualStudioVersion = 10.0.40219.1
Project("{FAE04EC0-301F-11D3-BF4B-00C04F79EFBC}") = "Demo_LinkedList", "Demo_LinkedList\Demo_LinkedList.csproj", "{9643E5C1-6A3A-4CB2-8EEF-EB87C6ACC9FD}"
EndProject
Global
	GlobalSection(SolutionConfigurationPlatforms) = preSolution
		Debug|Any CPU = Debug|Any CPU
		Release|Any CPU = Release|Any CPU
	EndGlobalSection
	GlobalSection(ProjectConfigurationPlatforms) = postSolution
		{9643E5C1-6A3A-4CB2-8EEF-EB87C6ACC9FD}.Debug|Any CPU.ActiveCfg = Debug|Any CPU
		{9643E5C1-6A3A-4CB2-8EEF-EB87C6ACC9FD}.Debug|Any CPU.Build.0 = Debug|Any CPU
		{9643E5C1-6A3A-4CB2-8EEF-EB87C6ACC9FD}.Release|Any CPU.ActiveCfg = Release|Any CPU
		{9643E5C1-6A3A-4CB2-8EEF-EB87C6ACC9FD}.Release|Any CPU.Build.0 = Release|Any CPU
	EndGlobalSection
	GlobalSection(SolutionProperties) = preSolution
		HideSolutionNode = FALSE
	EndGlobalSection
	GlobalSection(ExtensibilityGlobals) = postSolution
		SolutionGuid = {5A7D4157-2229-48AA-B504-2B4E7ADF8DD2}
	EndGlobalSection
EndGlobal
