
Microsoft Visual Studio Solution File, Format Version 12.00
# Visual Studio Version 17
VisualStudioVersion = 17.3.32804.467
MinimumVisualStudioVersion = 10.0.40219.1
Project("{FAE04EC0-301F-11D3-BF4B-00C04F79EFBC}") = "116_Editing And Removing Entries in a Dictionairy", "116_Editing And Removing Entries in a Dictionairy\116_Editing And Removing Entries in a Dictionairy.csproj", "{A11DA915-58A0-4C95-AC18-10F9B012D2DA}"
EndProject
Global
	GlobalSection(SolutionConfigurationPlatforms) = preSolution
		Debug|Any CPU = Debug|Any CPU
		Release|Any CPU = Release|Any CPU
	EndGlobalSection
	GlobalSection(ProjectConfigurationPlatforms) = postSolution
		{A11DA915-58A0-4C95-AC18-10F9B012D2DA}.Debug|Any CPU.ActiveCfg = Debug|Any CPU
		{A11DA915-58A0-4C95-AC18-10F9B012D2DA}.Debug|Any CPU.Build.0 = Debug|Any CPU
		{A11DA915-58A0-4C95-AC18-10F9B012D2DA}.Release|Any CPU.ActiveCfg = Release|Any CPU
		{A11DA915-58A0-4C95-AC18-10F9B012D2DA}.Release|Any CPU.Build.0 = Release|Any CPU
	EndGlobalSection
	GlobalSection(SolutionProperties) = preSolution
		HideSolutionNode = FALSE
	EndGlobalSection
	GlobalSection(ExtensibilityGlobals) = postSolution
		SolutionGuid = {8303265F-A81F-4563-8257-C3FD817AF5DD}
	EndGlobalSection
EndGlobal
