
Microsoft Visual Studio Solution File, Format Version 12.00
# Visual Studio Version 17
VisualStudioVersion = 17.2.32616.157
MinimumVisualStudioVersion = 10.0.40219.1
Project("{FAE04EC0-301F-11D3-BF4B-00C04F79EFBC}") = "BT_008_NMLT_30072022", "BT_008_NMLT_30072022\BT_008_NMLT_30072022.csproj", "{00507720-9B97-4663-8FDF-F2A3C2BCABB1}"
EndProject
Global
	GlobalSection(SolutionConfigurationPlatforms) = preSolution
		Debug|Any CPU = Debug|Any CPU
		Release|Any CPU = Release|Any CPU
	EndGlobalSection
	GlobalSection(ProjectConfigurationPlatforms) = postSolution
		{00507720-9B97-4663-8FDF-F2A3C2BCABB1}.Debug|Any CPU.ActiveCfg = Debug|Any CPU
		{00507720-9B97-4663-8FDF-F2A3C2BCABB1}.Debug|Any CPU.Build.0 = Debug|Any CPU
		{00507720-9B97-4663-8FDF-F2A3C2BCABB1}.Release|Any CPU.ActiveCfg = Release|Any CPU
		{00507720-9B97-4663-8FDF-F2A3C2BCABB1}.Release|Any CPU.Build.0 = Release|Any CPU
	EndGlobalSection
	GlobalSection(SolutionProperties) = preSolution
		HideSolutionNode = FALSE
	EndGlobalSection
	GlobalSection(ExtensibilityGlobals) = postSolution
		SolutionGuid = {97788EC4-698F-4967-AABC-03983E411433}
	EndGlobalSection
EndGlobal
