
Microsoft Visual Studio Solution File, Format Version 12.00
# Visual Studio Version 17
VisualStudioVersion = 17.2.32616.157
MinimumVisualStudioVersion = 10.0.40219.1
Project("{FAE04EC0-301F-11D3-BF4B-00C04F79EFBC}") = "TH2", "TH2\TH2.csproj", "{E2C467D8-0E95-4D34-BADF-87B7F84E9D6C}"
EndProject
Global
	GlobalSection(SolutionConfigurationPlatforms) = preSolution
		Debug|Any CPU = Debug|Any CPU
		Release|Any CPU = Release|Any CPU
	EndGlobalSection
	GlobalSection(ProjectConfigurationPlatforms) = postSolution
		{E2C467D8-0E95-4D34-BADF-87B7F84E9D6C}.Debug|Any CPU.ActiveCfg = Debug|Any CPU
		{E2C467D8-0E95-4D34-BADF-87B7F84E9D6C}.Debug|Any CPU.Build.0 = Debug|Any CPU
		{E2C467D8-0E95-4D34-BADF-87B7F84E9D6C}.Release|Any CPU.ActiveCfg = Release|Any CPU
		{E2C467D8-0E95-4D34-BADF-87B7F84E9D6C}.Release|Any CPU.Build.0 = Release|Any CPU
	EndGlobalSection
	GlobalSection(SolutionProperties) = preSolution
		HideSolutionNode = FALSE
	EndGlobalSection
	GlobalSection(ExtensibilityGlobals) = postSolution
		SolutionGuid = {6B5E5C1E-CB6F-4BAD-9755-D1F41EF9812F}
	EndGlobalSection
EndGlobal
