
Microsoft Visual Studio Solution File, Format Version 12.00
# Visual Studio Version 17
VisualStudioVersion = 17.3.32804.467
MinimumVisualStudioVersion = 10.0.40219.1
Project("{FAE04EC0-301F-11D3-BF4B-00C04F79EFBC}") = "ConsoleApp1", "ConsoleApp1\ConsoleApp1.csproj", "{D02E8731-1251-4F2B-BA5F-F57C9D1F85B7}"
EndProject
Global
	GlobalSection(SolutionConfigurationPlatforms) = preSolution
		Debug|Any CPU = Debug|Any CPU
		Release|Any CPU = Release|Any CPU
	EndGlobalSection
	GlobalSection(ProjectConfigurationPlatforms) = postSolution
		{D02E8731-1251-4F2B-BA5F-F57C9D1F85B7}.Debug|Any CPU.ActiveCfg = Debug|Any CPU
		{D02E8731-1251-4F2B-BA5F-F57C9D1F85B7}.Debug|Any CPU.Build.0 = Debug|Any CPU
		{D02E8731-1251-4F2B-BA5F-F57C9D1F85B7}.Release|Any CPU.ActiveCfg = Release|Any CPU
		{D02E8731-1251-4F2B-BA5F-F57C9D1F85B7}.Release|Any CPU.Build.0 = Release|Any CPU
	EndGlobalSection
	GlobalSection(SolutionProperties) = preSolution
		HideSolutionNode = FALSE
	EndGlobalSection
	GlobalSection(ExtensibilityGlobals) = postSolution
		SolutionGuid = {46B1B044-2288-4071-A434-7F88B22F6B88}
	EndGlobalSection
EndGlobal
