
Microsoft Visual Studio Solution File, Format Version 12.00
# Visual Studio Version 17
VisualStudioVersion = 17.2.32616.157
MinimumVisualStudioVersion = 10.0.40219.1
Project("{FAE04EC0-301F-11D3-BF4B-00C04F79EFBC}") = "BT_0015_NMLT_30072022", "BT_0015_NMLT_30072022\BT_0015_NMLT_30072022.csproj", "{933E18B5-58C7-4E54-BE40-D6FCA6416698}"
EndProject
Global
	GlobalSection(SolutionConfigurationPlatforms) = preSolution
		Debug|Any CPU = Debug|Any CPU
		Release|Any CPU = Release|Any CPU
	EndGlobalSection
	GlobalSection(ProjectConfigurationPlatforms) = postSolution
		{933E18B5-58C7-4E54-BE40-D6FCA6416698}.Debug|Any CPU.ActiveCfg = Debug|Any CPU
		{933E18B5-58C7-4E54-BE40-D6FCA6416698}.Debug|Any CPU.Build.0 = Debug|Any CPU
		{933E18B5-58C7-4E54-BE40-D6FCA6416698}.Release|Any CPU.ActiveCfg = Release|Any CPU
		{933E18B5-58C7-4E54-BE40-D6FCA6416698}.Release|Any CPU.Build.0 = Release|Any CPU
	EndGlobalSection
	GlobalSection(SolutionProperties) = preSolution
		HideSolutionNode = FALSE
	EndGlobalSection
	GlobalSection(ExtensibilityGlobals) = postSolution
		SolutionGuid = {7ED085B8-CB69-4DD4-AB83-B03B7866DA61}
	EndGlobalSection
EndGlobal
