
Microsoft Visual Studio Solution File, Format Version 12.00
# Visual Studio Version 17
VisualStudioVersion = 17.2.32616.157
MinimumVisualStudioVersion = 10.0.40219.1
Project("{FAE04EC0-301F-11D3-BF4B-00C04F79EFBC}") = "BT_0004_NMLT_30072022", "BT_0004_NMLT_30072022\BT_0004_NMLT_30072022.csproj", "{12F25F25-13D0-47C4-A191-953923896DC5}"
EndProject
Global
	GlobalSection(SolutionConfigurationPlatforms) = preSolution
		Debug|Any CPU = Debug|Any CPU
		Release|Any CPU = Release|Any CPU
	EndGlobalSection
	GlobalSection(ProjectConfigurationPlatforms) = postSolution
		{12F25F25-13D0-47C4-A191-953923896DC5}.Debug|Any CPU.ActiveCfg = Debug|Any CPU
		{12F25F25-13D0-47C4-A191-953923896DC5}.Debug|Any CPU.Build.0 = Debug|Any CPU
		{12F25F25-13D0-47C4-A191-953923896DC5}.Release|Any CPU.ActiveCfg = Release|Any CPU
		{12F25F25-13D0-47C4-A191-953923896DC5}.Release|Any CPU.Build.0 = Release|Any CPU
	EndGlobalSection
	GlobalSection(SolutionProperties) = preSolution
		HideSolutionNode = FALSE
	EndGlobalSection
	GlobalSection(ExtensibilityGlobals) = postSolution
		SolutionGuid = {8D09F88A-EF4B-4605-900D-120B79823DBD}
	EndGlobalSection
EndGlobal
