
Microsoft Visual Studio Solution File, Format Version 12.00
# Visual Studio Version 17
VisualStudioVersion = 17.3.32804.467
MinimumVisualStudioVersion = 10.0.40219.1
Project("{FAE04EC0-301F-11D3-BF4B-00C04F79EFBC}") = "130_Virtual and Override Keywords", "130_Virtual and Override Keywords\130_Virtual and Override Keywords.csproj", "{43C670B3-134B-46F0-BBD9-054CA022346D}"
EndProject
Global
	GlobalSection(SolutionConfigurationPlatforms) = preSolution
		Debug|Any CPU = Debug|Any CPU
		Release|Any CPU = Release|Any CPU
	EndGlobalSection
	GlobalSection(ProjectConfigurationPlatforms) = postSolution
		{43C670B3-134B-46F0-BBD9-054CA022346D}.Debug|Any CPU.ActiveCfg = Debug|Any CPU
		{43C670B3-134B-46F0-BBD9-054CA022346D}.Debug|Any CPU.Build.0 = Debug|Any CPU
		{43C670B3-134B-46F0-BBD9-054CA022346D}.Release|Any CPU.ActiveCfg = Release|Any CPU
		{43C670B3-134B-46F0-BBD9-054CA022346D}.Release|Any CPU.Build.0 = Release|Any CPU
	EndGlobalSection
	GlobalSection(SolutionProperties) = preSolution
		HideSolutionNode = FALSE
	EndGlobalSection
	GlobalSection(ExtensibilityGlobals) = postSolution
		SolutionGuid = {23B7611E-DB94-49DF-999D-383D10A01422}
	EndGlobalSection
EndGlobal
