
Microsoft Visual Studio Solution File, Format Version 12.00
# Visual Studio Version 17
VisualStudioVersion = 17.3.32804.467
MinimumVisualStudioVersion = 10.0.40219.1
Project("{FAE04EC0-301F-11D3-BF4B-00C04F79EFBC}") = "NMLT BAI 10", "NMLT BAI 10\NMLT BAI 10.csproj", "{B7DA2B3A-68FA-46CB-8290-4631DAC37875}"
EndProject
Global
	GlobalSection(SolutionConfigurationPlatforms) = preSolution
		Debug|Any CPU = Debug|Any CPU
		Release|Any CPU = Release|Any CPU
	EndGlobalSection
	GlobalSection(ProjectConfigurationPlatforms) = postSolution
		{B7DA2B3A-68FA-46CB-8290-4631DAC37875}.Debug|Any CPU.ActiveCfg = Debug|Any CPU
		{B7DA2B3A-68FA-46CB-8290-4631DAC37875}.Debug|Any CPU.Build.0 = Debug|Any CPU
		{B7DA2B3A-68FA-46CB-8290-4631DAC37875}.Release|Any CPU.ActiveCfg = Release|Any CPU
		{B7DA2B3A-68FA-46CB-8290-4631DAC37875}.Release|Any CPU.Build.0 = Release|Any CPU
	EndGlobalSection
	GlobalSection(SolutionProperties) = preSolution
		HideSolutionNode = FALSE
	EndGlobalSection
	GlobalSection(ExtensibilityGlobals) = postSolution
		SolutionGuid = {2122A5AF-4DBC-4F02-AF9E-EF500EC99746}
	EndGlobalSection
EndGlobal
