
Microsoft Visual Studio Solution File, Format Version 12.00
# Visual Studio Version 17
VisualStudioVersion = 17.2.32616.157
MinimumVisualStudioVersion = 10.0.40219.1
Project("{FAE04EC0-301F-11D3-BF4B-00C04F79EFBC}") = "NMLT_09072022_CODE_2", "NMLT_09072022_CODE_2\NMLT_09072022_CODE_2.csproj", "{7631B410-4544-4AA4-8CC8-1C0D4E5A5A20}"
EndProject
Global
	GlobalSection(SolutionConfigurationPlatforms) = preSolution
		Debug|Any CPU = Debug|Any CPU
		Release|Any CPU = Release|Any CPU
	EndGlobalSection
	GlobalSection(ProjectConfigurationPlatforms) = postSolution
		{7631B410-4544-4AA4-8CC8-1C0D4E5A5A20}.Debug|Any CPU.ActiveCfg = Debug|Any CPU
		{7631B410-4544-4AA4-8CC8-1C0D4E5A5A20}.Debug|Any CPU.Build.0 = Debug|Any CPU
		{7631B410-4544-4AA4-8CC8-1C0D4E5A5A20}.Release|Any CPU.ActiveCfg = Release|Any CPU
		{7631B410-4544-4AA4-8CC8-1C0D4E5A5A20}.Release|Any CPU.Build.0 = Release|Any CPU
	EndGlobalSection
	GlobalSection(SolutionProperties) = preSolution
		HideSolutionNode = FALSE
	EndGlobalSection
	GlobalSection(ExtensibilityGlobals) = postSolution
		SolutionGuid = {1CFE9347-4873-4017-A581-0889AE1BB949}
	EndGlobalSection
EndGlobal
